{
  "version": 4,
  "terraform_version": "0.12.20",
  "serial": 12,
  "lineage": "d34dcd91-821d-927f-e56b-c71692fd0cf4",
  "outputs": {},
  "resources": [
    {
      "mode": "data",
      "type": "aws_ami",
      "name": "amazon_linux",
      "provider": "provider.aws",
      "instances": [
        {
          "schema_version": 0,
          "attributes": {
            "architecture": "x86_64",
            "block_device_mappings": [
              {
                "device_name": "/dev/xvda",
                "ebs": {
                  "delete_on_termination": "true",
                  "encrypted": "false",
                  "iops": "0",
                  "snapshot_id": "snap-072c61298b6a147e9",
                  "volume_size": "8",
                  "volume_type": "gp2"
                },
                "no_device": "",
                "virtual_name": ""
              }
            ],
            "creation_date": "2020-02-06T23:45:35.000Z",
            "description": null,
            "executable_users": null,
            "filter": [
              {
                "name": "name",
                "values": [
                  "amzn2-gi-*"
                ]
              }
            ],
            "hypervisor": "xen",
            "id": "ami-02e41be2ad6dcd0e1",
            "image_id": "ami-02e41be2ad6dcd0e1",
            "image_location": "743302140042/amzn2-gi-2020-02-06T23-39-16Z",
            "image_owner_alias": null,
            "image_type": "machine",
            "kernel_id": null,
            "most_recent": true,
            "name": "amzn2-gi-2020-02-06T23-39-16Z",
            "name_regex": null,
            "owner_id": "743302140042",
            "owners": [
              "743302140042"
            ],
            "platform": null,
            "product_codes": [],
            "public": false,
            "ramdisk_id": null,
            "root_device_name": "/dev/xvda",
            "root_device_type": "ebs",
            "root_snapshot_id": "snap-072c61298b6a147e9",
            "sriov_net_support": "simple",
            "state": "available",
            "state_reason": {
              "code": "UNSET",
              "message": "UNSET"
            },
            "tags": {},
            "virtualization_type": "hvm"
          }
        }
      ]
    },
    {
      "mode": "data",
      "type": "aws_security_group",
      "name": "default",
      "provider": "provider.aws",
      "instances": [
        {
          "schema_version": 0,
          "attributes": {
            "arn": "arn:aws:ec2:us-east-1:772614087260:security-group/sg-096a30338a68ba375",
            "description": "SnowFlakesecurity group rules",
            "filter": null,
            "id": "sg-096a30338a68ba375",
            "name": "Snowflakesg",
            "tags": {
              "Name": ""
            },
            "vpc_id": "vpc-0724c953f4d54be9c"
          }
        }
      ]
    },
    {
      "mode": "data",
      "type": "aws_subnet_ids",
      "name": "all",
      "provider": "provider.aws",
      "instances": [
        {
          "schema_version": 0,
          "attributes": {
            "filter": [
              {
                "name": "tag:Name",
                "values": [
                  "idr-cloud-dev-private-a",
                  "idr-cloud-dev-private-b"
                ]
              }
            ],
            "id": "vpc-0724c953f4d54be9c",
            "ids": [
              "subnet-03fa7f6d5aadf4ebc",
              "subnet-0a7bbbbfb6087f3ba"
            ],
            "tags": null,
            "vpc_id": "vpc-0724c953f4d54be9c"
          }
        }
      ]
    },
    {
      "mode": "data",
      "type": "aws_vpc",
      "name": "default",
      "provider": "provider.aws",
      "instances": [
        {
          "schema_version": 0,
          "attributes": {
            "arn": "arn:aws:ec2:us-east-1:772614087260:vpc/vpc-0724c953f4d54be9c",
            "cidr_block": "10.242.20.0/23",
            "cidr_block_associations": [
              {
                "association_id": "vpc-cidr-assoc-0e6d7479c0378a78b",
                "cidr_block": "10.242.20.0/23",
                "state": "associated"
              },
              {
                "association_id": "vpc-cidr-assoc-0ae6c71ee3a0ca4ad",
                "cidr_block": "10.242.7.128/27",
                "state": "associated"
              }
            ],
            "default": false,
            "dhcp_options_id": "dopt-2e7f8954",
            "enable_dns_hostnames": true,
            "enable_dns_support": true,
            "filter": [
              {
                "name": "tag:Name",
                "values": [
                  "idr-cloud-dev"
                ]
              }
            ],
            "id": "vpc-0724c953f4d54be9c",
            "instance_tenancy": "default",
            "ipv6_association_id": null,
            "ipv6_cidr_block": null,
            "main_route_table_id": "rtb-0acfca4188d5e3109",
            "owner_id": "772614087260",
            "state": "available",
            "tags": {
              "Automated": "true",
              "Name": "idr-cloud-dev",
              "stack": "dev"
            }
          }
        }
      ]
    },
    {
      "module": "module.example_asg",
      "mode": "managed",
      "type": "aws_autoscaling_group",
      "name": "this",
      "each": "list",
      "provider": "provider.aws",
      "instances": [
        {
          "index_key": 0,
          "schema_version": 0,
          "attributes": {
            "arn": "arn:aws:autoscaling:us-east-1:772614087260:autoScalingGroup:4ff236d3-b695-43c2-8aa4-cb93cbf70d0a:autoScalingGroupName/haproxy-asg-20200214165013790400000002",
            "availability_zones": [
              "us-east-1a",
              "us-east-1b"
            ],
            "default_cooldown": 300,
            "desired_capacity": 1,
            "enabled_metrics": [
              "GroupDesiredCapacity",
              "GroupInServiceInstances",
              "GroupMaxSize",
              "GroupMinSize",
              "GroupPendingInstances",
              "GroupStandbyInstances",
              "GroupTerminatingInstances",
              "GroupTotalInstances"
            ],
            "force_delete": false,
            "health_check_grace_period": 300,
            "health_check_type": "EC2",
            "id": "haproxy-asg-20200214165013790400000002",
            "initial_lifecycle_hook": [],
            "launch_configuration": "haproxy-lc-20200219140918455200000001",
            "launch_template": [],
            "load_balancers": [
              "elb-example"
            ],
            "max_instance_lifetime": 0,
            "max_size": 2,
            "metrics_granularity": "1Minute",
            "min_elb_capacity": 0,
            "min_size": 1,
            "mixed_instances_policy": [],
            "name": "haproxy-asg-20200214165013790400000002",
            "name_prefix": "haproxy-asg-",
            "placement_group": "",
            "protect_from_scale_in": false,
            "service_linked_role_arn": "arn:aws:iam::772614087260:role/aws-service-role/autoscaling.amazonaws.com/AWSServiceRoleForAutoScaling",
            "suspended_processes": [],
            "tag": [],
            "tags": [
              {
                "key": "Name",
                "propagate_at_launch": "true",
                "value": "haproxy"
              },
              {
                "key": "Environment",
                "propagate_at_launch": "true",
                "value": "dev"
              },
              {
                "key": "Project",
                "propagate_at_launch": "true",
                "value": "IDRCloud"
              }
            ],
            "target_group_arns": [],
            "termination_policies": [
              "Default"
            ],
            "timeouts": null,
            "vpc_zone_identifier": [
              "subnet-03fa7f6d5aadf4ebc",
              "subnet-0a7bbbbfb6087f3ba"
            ],
            "wait_for_capacity_timeout": "0",
            "wait_for_elb_capacity": null
          },
          "private": "eyJlMmJmYjczMC1lY2FhLTExZTYtOGY4OC0zNDM2M2JjN2M0YzAiOnsiZGVsZXRlIjo2MDAwMDAwMDAwMDB9fQ==",
          "dependencies": [
            "module.elb.module.elb.aws_elb.this",
            "module.example_asg.aws_launch_configuration.this",
            "module.example_asg.null_resource.tags_as_list_of_maps",
            "module.example_asg.random_pet.asg_name"
          ]
        }
      ]
    },
    {
      "module": "module.example_asg",
      "mode": "managed",
      "type": "aws_autoscaling_group",
      "name": "this_with_initial_lifecycle_hook",
      "each": "list",
      "provider": "provider.aws",
      "instances": []
    },
    {
      "module": "module.elb.module.elb",
      "mode": "managed",
      "type": "aws_elb",
      "name": "this",
      "provider": "provider.aws",
      "instances": [
        {
          "schema_version": 0,
          "attributes": {
            "access_logs": [],
            "arn": "arn:aws:elasticloadbalancing:us-east-1:772614087260:loadbalancer/elb-example",
            "availability_zones": [
              "us-east-1a",
              "us-east-1b"
            ],
            "connection_draining": false,
            "connection_draining_timeout": 300,
            "cross_zone_load_balancing": true,
            "dns_name": "internal-elb-example-554962914.us-east-1.elb.amazonaws.com",
            "health_check": [
              {
                "healthy_threshold": 2,
                "interval": 30,
                "target": "HTTP:443/",
                "timeout": 5,
                "unhealthy_threshold": 2
              }
            ],
            "id": "elb-example",
            "idle_timeout": 60,
            "instances": [
              "i-0b16bd51b09394e63"
            ],
            "internal": true,
            "listener": [
              {
                "instance_port": 443,
                "instance_protocol": "http",
                "lb_port": 443,
                "lb_protocol": "http",
                "ssl_certificate_id": ""
              }
            ],
            "name": "elb-example",
            "name_prefix": null,
            "security_groups": [
              "sg-096a30338a68ba375"
            ],
            "source_security_group": "772614087260/Snowflakesg",
            "source_security_group_id": "sg-096a30338a68ba375",
            "subnets": [
              "subnet-03fa7f6d5aadf4ebc",
              "subnet-0a7bbbbfb6087f3ba"
            ],
            "tags": {
              "Environment": "dev",
              "Name": "elb-example",
              "Owner": "user"
            },
            "zone_id": "Z35SXDOTRQ7X7K"
          },
          "private": "bnVsbA=="
        }
      ]
    },
    {
      "module": "module.elb.module.elb_attachment",
      "mode": "managed",
      "type": "aws_elb_attachment",
      "name": "this",
      "each": "list",
      "provider": "provider.aws",
      "instances": []
    },
    {
      "module": "module.example_asg",
      "mode": "managed",
      "type": "aws_launch_configuration",
      "name": "this",
      "each": "list",
      "provider": "provider.aws",
      "instances": [
        {
          "index_key": 0,
          "schema_version": 0,
          "attributes": {
            "arn": "arn:aws:autoscaling:us-east-1:772614087260:launchConfiguration:573595ea-5e7e-4627-b1c7-d01ba0ce4aeb:launchConfigurationName/haproxy-lc-20200219140918455200000001",
            "associate_public_ip_address": false,
            "ebs_block_device": [
              {
                "delete_on_termination": true,
                "device_name": "/dev/xvdz",
                "encrypted": false,
                "iops": 0,
                "no_device": false,
                "snapshot_id": "",
                "volume_size": 50,
                "volume_type": "gp2"
              }
            ],
            "ebs_optimized": false,
            "enable_monitoring": true,
            "ephemeral_block_device": [],
            "iam_instance_profile": "",
            "id": "haproxy-lc-20200219140918455200000001",
            "image_id": "ami-02e41be2ad6dcd0e1",
            "instance_type": "t2.micro",
            "key_name": "idr-haproxy-test-key",
            "name": "haproxy-lc-20200219140918455200000001",
            "name_prefix": "haproxy-lc-",
            "placement_tenancy": "default",
            "root_block_device": [
              {
                "delete_on_termination": true,
                "encrypted": false,
                "iops": 0,
                "volume_size": 50,
                "volume_type": "gp2"
              }
            ],
            "security_groups": [
              "sg-096a30338a68ba375"
            ],
            "spot_price": "",
            "user_data": "83aa5da397f2025b6efe62e03854ae7cd692f4aa",
            "user_data_base64": null,
            "vpc_classic_link_id": "",
            "vpc_classic_link_security_groups": []
          },
          "private": "bnVsbA=="
        }
      ]
    },
    {
      "mode": "managed",
      "type": "aws_vpc_endpoint",
      "name": "s3",
      "provider": "provider.aws",
      "instances": [
        {
          "schema_version": 0,
          "attributes": {
            "auto_accept": null,
            "cidr_blocks": [
              "54.231.0.0/17",
              "52.216.0.0/15",
              "3.5.16.0/21",
              "3.5.0.0/20"
            ],
            "dns_entry": [],
            "id": "vpce-004d0742064cfd0a9",
            "network_interface_ids": [],
            "owner_id": "772614087260",
            "policy": "{\"Statement\":[{\"Action\":\"*\",\"Effect\":\"Allow\",\"Principal\":\"*\",\"Resource\":\"*\"}],\"Version\":\"2008-10-17\"}",
            "prefix_list_id": "pl-63a5400a",
            "private_dns_enabled": false,
            "requester_managed": false,
            "route_table_ids": [],
            "security_group_ids": [],
            "service_name": "com.amazonaws.us-east-1.s3",
            "state": "available",
            "subnet_ids": [],
            "tags": {},
            "timeouts": null,
            "vpc_endpoint_type": "Gateway",
            "vpc_id": "vpc-0724c953f4d54be9c"
          },
          "private": "eyJlMmJmYjczMC1lY2FhLTExZTYtOGY4OC0zNDM2M2JjN2M0YzAiOnsiY3JlYXRlIjo2MDAwMDAwMDAwMDAsImRlbGV0ZSI6NjAwMDAwMDAwMDAwLCJ1cGRhdGUiOjYwMDAwMDAwMDAwMH19"
        }
      ]
    },
    {
      "module": "module.example_asg",
      "mode": "managed",
      "type": "null_resource",
      "name": "tags_as_list_of_maps",
      "each": "list",
      "provider": "provider.null",
      "instances": []
    },
    {
      "module": "module.example_asg",
      "mode": "managed",
      "type": "random_pet",
      "name": "asg_name",
      "each": "list",
      "provider": "provider.random",
      "instances": []
    }
  ]
}
